
Microsoft Visual Studio Solution File, Format Version 12.00
# Visual Studio Version 16
VisualStudioVersion = 16.0.30523.141
MinimumVisualStudioVersion = 10.0.40219.1
Project("{FAE04EC0-301F-11D3-BF4B-00C04F79EFBC}") = "NumePrenume_Lab8", "NumePrenume_Lab8.csproj", "{EF2336E5-1D93-4CA1-B9FC-88B896F16028}"
EndProject
Global
	GlobalSection(SolutionConfigurationPlatforms) = preSolution
		Debug|Any CPU = Debug|Any CPU
		Release|Any CPU = Release|Any CPU
	EndGlobalSection
	GlobalSection(ProjectConfigurationPlatforms) = postSolution
		{EF2336E5-1D93-4CA1-B9FC-88B896F16028}.Debug|Any CPU.ActiveCfg = Debug|Any CPU
		{EF2336E5-1D93-4CA1-B9FC-88B896F16028}.Debug|Any CPU.Build.0 = Debug|Any CPU
		{EF2336E5-1D93-4CA1-B9FC-88B896F16028}.Release|Any CPU.ActiveCfg = Release|Any CPU
		{EF2336E5-1D93-4CA1-B9FC-88B896F16028}.Release|Any CPU.Build.0 = Release|Any CPU
	EndGlobalSection
	GlobalSection(SolutionProperties) = preSolution
		HideSolutionNode = FALSE
	EndGlobalSection
	GlobalSection(ExtensibilityGlobals) = postSolution
		SolutionGuid = {3E788FCF-1252-415C-9505-2CCA0E7C9EC4}
	EndGlobalSection
EndGlobal
